// !$*UTF8*$!
{
	archiveVersion = 1;
	classes = {
	};
	objectVersion = 46;
	objects = {

/* Begin PBXBuildFile section */
		AFC7E2CB1D3FE678007C84BB /* AppDelegate.swift in Sources */ = {isa = PBXBuildFile; fileRef = AFC7E2CA1D3FE678007C84BB /* AppDelegate.swift */; };
		AFC7E2CD1D3FE678007C84BB /* ViewController.swift in Sources */ = {isa = PBXBuildFile; fileRef = AFC7E2CC1D3FE678007C84BB /* ViewController.swift */; };
		AFC7E2D01D3FE678007C84BB /* Main.storyboard in Resources */ = {isa = PBXBuildFile; fileRef = AFC7E2CE1D3FE678007C84BB /* Main.storyboard */; };
		AFC7E2D21D3FE678007C84BB /* Assets.xcassets in Resources */ = {isa = PBXBuildFile; fileRef = AFC7E2D11D3FE678007C84BB /* Assets.xcassets */; };
		AFC7E2D51D3FE678007C84BB /* LaunchScreen.storyboard in Resources */ = {isa = PBXBuildFile; fileRef = AFC7E2D31D3FE678007C84BB /* LaunchScreen.storyboard */; };
/* End PBXBuildFile section */

/* Begin PBXFileReference section */
		AFC7E2C71D3FE677007C84BB /* TeST.app */ = {isa = PBXFileReference; explicitFileType = wrapper.application; includeInIndex = 0; path = TeST.app; sourceTree = BUILT_PRODUCTS_DIR; };
		AFC7E2CA1D3FE678007C84BB /* AppDelegate.swift */ = {isa = PBXFileReference; lastKnownFileType = sourcecode.swift; path = AppDelegate.swift; sourceTree = "<group>"; };
		AFC7E2CC1D3FE678007C84BB /* ViewController.swift */ = {isa = PBXFileReference; lastKnownFileType = sourcecode.swift; path = ViewController.swift; sourceTree = "<group>"; };
		AFC7E2CF1D3FE678007C84BB /* Base */ = {isa = PBXFileReference; lastKnownFileType = file.storyboard; name = Base; path = Base.lproj/Main.storyboard; sourceTree = "<group>"; };
		AFC7E2D11D3FE678007C84BB /* Assets.xcassets */ = {isa = PBXFileReference; lastKnownFileType = folder.assetcatalog; path = Assets.xcassets; sourceTree = "<group>"; };
		AFC7E2D41D3FE678007C84BB /* Base */ = {isa = PBXFileReference; lastKnownFileType = file.storyboard; name = Base; path = Base.lproj/LaunchScreen.storyboard; sourceTree = "<group>"; };
		AFC7E2D61D3FE678007C84BB /* Info.plist */ = {isa = PBXFileReference; lastKnownFileType = text.plist.xml; path = Info.plist; sourceTree = "<group>"; };
/* End PBXFileReference section */

/* Begin PBXFrameworksBuildPhase section */
		AFC7E2C41D3FE677007C84BB /* Frameworks */ = {
			isa = PBXFrameworksBuildPhase;
			buildActionMask = 2147483647;
			files = (
			);
			runOnlyForDeploymentPostprocessing = 0;
		};
/* End PBXFrameworksBuildPhase section */

/* Begin PBXGroup section */
		AFC7E2BE1D3FE677007C84BB = {
			isa = PBXGroup;
			children = (
				AFC7E2C91D3FE678007C84BB /* TeST */,
				AFC7E2C81D3FE677007C84BB /* Products */,
			);
			sourceTree = "<group>";
		};
		AFC7E2C81D3FE677007C84BB /* Products */ = {
			isa = PBXGroup;
			children = (
				AFC7E2C71D3FE677007C84BB /* TeST.app */,
			);
			name = Products;
			sourceTree = "<group>";
		};
		AFC7E2C91D3FE678007C84BB /* TeST */ = {
			isa = PBXGroup;
			children = (
				AFC7E2CA1D3FE678007C84BB /* AppDelegate.swift */,
				AFC7E2CC1D3FE678007C84BB /* ViewController.swift */,
				AFC7E2CE1D3FE678007C84BB /* Main.storyboard */,
				AFC7E2D11D3FE678007C84BB /* Assets.xcassets */,
				AFC7E2D31D3FE678007C84BB /* LaunchScreen.storyboard */,
				AFC7E2D61D3FE678007C84BB /* Info.plist */,
			);
			path = TeST;
			sourceTree = "<group>";
		};
/* End PBXGroup section */

/* Begin PBXNativeTarget section */
		AFC7E2C61D3FE677007C84BB /* TeST */ = {
			isa = PBXNativeTarget;
			buildConfigurationList = AFC7E2D91D3FE678007C84BB /* Build configuration list for PBXNativeTarget "TeST" */;
			buildPhases = (
				AFC7E2C31D3FE677007C84BB /* Sources */,
				AFC7E2C41D3FE677007C84BB /* Frameworks */,
				AFC7E2C51D3FE677007C84BB /* Resources */,
			);
			buildRules = (
			);
			dependencies = (
			);
			name = TeST;
			productName = TeST;
			productReference = AFC7E2C71D3FE677007C84BB /* TeST.app */;
			productType = "com.apple.product-type.application";
		};
/* End PBXNativeTarget section */

/* Begin PBXProject section */
		AFC7E2BF1D3FE677007C84BB /* Project object */ = {
			isa = PBXProject;
			attributes = {
				LastSwiftUpdateCheck = 0730;
				LastUpgradeCheck = 0730;
				ORGANIZATIONNAME = "Tony Toussaint";
				TargetAttributes = {
					AFC7E2C61D3FE677007C84BB = {
						CreatedOnToolsVersion = 7.3.1;
						DevelopmentTeam = H89LF25P69;
					};
				};
			};
			buildConfigurationList = AFC7E2C21D3FE677007C84BB /* Build configuration list for PBXProject "TeST" */;
			compatibilityVersion = "Xcode 3.2";
			developmentRegion = English;
			hasScannedForEncodings = 0;
			knownRegions = (
				en,
				Base,
			);
			mainGroup = AFC7E2BE1D3FE677007C84BB;
			productRefGroup = AFC7E2C81D3FE677007C84BB /* Products */;
			projectDirPath = "";
			projectRoot = "";
			targets = (
				AFC7E2C61D3FE677007C84BB /* TeST */,
			);
		};
/* End PBXProject section */

/* Begin PBXResourcesBuildPhase section */
		AFC7E2C51D3FE677007C84BB /* Resources */ = {
			isa = PBXResourcesBuildPhase;
			buildActionMask = 2147483647;
			files = (
				AFC7E2D51D3FE678007C84BB /* LaunchScreen.storyboard in Resources */,
				AFC7E2D21D3FE678007C84BB /* Assets.xcassets in Resources */,
				AFC7E2D01D3FE678007C84BB /* Main.storyboard in Resources */,
			);
			runOnlyForDeploymentPostprocessing = 0;
		};
/* End PBXResourcesBuildPhase section */

/* Begin PBXSourcesBuildPhase section */
		AFC7E2C31D3FE677007C84BB /* Sources */ = {
			isa = PBXSourcesBuildPhase;
			buildActionMask = 2147483647;
			files = (
				AFC7E2CD1D3FE678007C84BB /* ViewController.swift in Sources */,
				AFC7E2CB1D3FE678007C84BB /* AppDelegate.swift in Sources */,
			);
			runOnlyForDeploymentPostprocessing = 0;
		};
/* End PBXSourcesBuildPhase section */

/* Begin PBXVariantGroup section */
		AFC7E2CE1D3FE678007C84BB /* Main.storyboard */ = {
			isa = PBXVariantGroup;
			children = (
				AFC7E2CF1D3FE678007C84BB /* Base */,
			);
			name = Main.storyboard;
			sourceTree = "<group>";
		};
		AFC7E2D31D3FE678007C84BB /* LaunchScreen.storyboard */ = {
			isa = PBXVariantGroup;
			children = (
				AFC7E2D41D3FE678007C84BB /* Base */,
			);
			name = LaunchScreen.storyboard;
			sourceTree = "<group>";
		};
/* End PBXVariantGroup section */

/* Begin XCBuildConfiguration section */
		AFC7E2D71D3FE678007C84BB /* Debug */ = {
			isa = XCBuildConfiguration;
			buildSettings = {
				ALWAYS_SEARCH_USER_PATHS = NO;
				CLANG_ANALYZER_NONNULL = YES;
				CLANG_CXX_LANGUAGE_STANDARD = "gnu++0x";
				CLANG_CXX_LIBRARY = "libc++";
				CLANG_ENABLE_MODULES = YES;
				CLANG_ENABLE_OBJC_ARC = YES;
				CLANG_WARN_BOOL_CONVERSION = YES;
				CLANG_WARN_CONSTANT_CONVERSION = YES;
				CLANG_WARN_DIRECT_OBJC_ISA_USAGE = YES_ERROR;
				CLANG_WARN_EMPTY_BODY = YES;
				CLANG_WARN_ENUM_CONVERSION = YES;
				CLANG_WARN_INT_CONVERSION = YES;
				CLANG_WARN_OBJC_ROOT_CLASS = YES_ERROR;
				CLANG_WARN_UNREACHABLE_CODE = YES;
				CLANG_WARN__DUPLICATE_METHOD_MATCH = YES;
				"CODE_SIGN_IDENTITY[sdk=iphoneos*]" = "iPhone Developer";
				COPY_PHASE_STRIP = NO;
				DEBUG_INFORMATION_FORMAT = dwarf;
				ENABLE_STRICT_OBJC_MSGSEND = YES;
				ENABLE_TESTABILITY = YES;
				GCC_C_LANGUAGE_STANDARD = gnu99;
				GCC_DYNAMIC_NO_PIC = NO;
				GCC_NO_COMMON_BLOCKS = YES;
				GCC_OPTIMIZATION_LEVEL = 0;
				GCC_PREPROCESSOR_DEFINITIONS = (
					"DEBUG=1",
					"$(inherited)",
				);
				GCC_WARN_64_TO_32_BIT_CONVERSION = YES;
				GCC_WARN_ABOUT_RETURN_TYPE = YES_ERROR;
				GCC_WARN_UNDECLARED_SELECTOR = YES;
				GCC_WARN_UNINITIALIZED_AUTOS = YES_AGGRESSIVE;
				GCC_WARN_UNUSED_FUNCTION = YES;
				GCC_WARN_UNUSED_VARIABLE = YES;
				IPHONEOS_DEPLOYMENT_TARGET = 9.3;
				MTL_ENABLE_DEBUG_INFO = YES;
				ONLY_ACTIVE_ARCH = YES;
				SDKROOT = iphoneos;
				SWIFT_OPTIMIZATION_LEVEL = "-Onone";
				TARGETED_DEVICE_FAMILY = "1,2";
			};
			name = Debug;
		};
		AFC7E2D81D3FE678007C84BB /* Release */ = {
			isa = XCBuildConfiguration;
			buildSettings = {
				ALWAYS_SEARCH_USER_PATHS = NO;
				CLANG_ANALYZER_NONNULL = YES;
				CLANG_CXX_LANGUAGE_STANDARD = "gnu++0x";
				CLANG_CXX_LIBRARY = "libc++";
				CLANG_ENABLE_MODULES = YES;
				CLANG_ENABLE_OBJC_ARC = YES;
				CLANG_WARN_BOOL_CONVERSION = YES;
				CLANG_WARN_CONSTANT_CONVERSION = YES;
				CLANG_WARN_DIRECT_OBJC_ISA_USAGE = YES_ERROR;
				CLANG_WARN_EMPTY_BODY = YES;
				CLANG_WARN_ENUM_CONVERSION = YES;
				CLANG_WARN_INT_CONVERSION = YES;
				CLANG_WARN_OBJC_ROOT_CLASS = YES_ERROR;
				CLANG_WARN_UNREACHABLE_CODE = YES;
				CLANG_WARN__DUPLICATE_METHOD_MATCH = YES;
				"CODE_SIGN_IDENTITY[sdk=iphoneos*]" = "iPhone Developer";
				COPY_PHASE_STRIP = NO;
				DEBUG_INFORMATION_FORMAT = "dwarf-with-dsym";
				ENABLE_NS_ASSERTIONS = NO;
				ENABLE_STRICT_OBJC_MSGSEND = YES;
				GCC_C_LANGUAGE_STANDARD = gnu99;
				GCC_NO_COMMON_BLOCKS = YES;
				GCC_WARN_64_TO_32_BIT_CONVERSION = YES;
				GCC_WARN_ABOUT_RETURN_TYPE = YES_ERROR;
				GCC_WARN_UNDECLARED_SELECTOR = YES;
				GCC_WARN_UNINITIALIZED_AUTOS = YES_AGGRESSIVE;
				GCC_WARN_UNUSED_FUNCTION = YES;
				GCC_WARN_UNUSED_VARIABLE = YES;
				IPHONEOS_DEPLOYMENT_TARGET = 9.3;
				MTL_ENABLE_DEBUG_INFO = NO;
				SDKROOT = iphoneos;
				TARGETED_DEVICE_FAMILY = "1,2";
				VALIDATE_PRODUCT = YES;
			};
			name = Release;
		};
		AFC7E2DA1D3FE678007C84BB /* Debug */ = {
			isa = XCBuildConfiguration;
			buildSettings = {
				ASSETCATALOG_COMPILER_APPICON_NAME = AppIcon;
				INFOPLIST_FILE = TeST/Info.plist;
				LD_RUNPATH_SEARCH_PATHS = "$(inherited) @executable_path/Frameworks";
				PRODUCT_BUNDLE_IDENTIFIER = Tony.TeST;
				PRODUCT_NAME = "$(TARGET_NAME)";
			};
			name = Debug;
		};
		AFC7E2DB1D3FE678007C84BB /* Release */ = {
			isa = XCBuildConfiguration;
			buildSettings = {
				ASSETCATALOG_COMPILER_APPICON_NAME = AppIcon;
				INFOPLIST_FILE = TeST/Info.plist;
				LD_RUNPATH_SEARCH_PATHS = "$(inherited) @executable_path/Frameworks";
				PRODUCT_BUNDLE_IDENTIFIER = Tony.TeST;
				PRODUCT_NAME = "$(TARGET_NAME)";
			};
			name = Release;
		};
/* End XCBuildConfiguration section */

/* Begin XCConfigurationList section */
		AFC7E2C21D3FE677007C84BB /* Build configuration list for PBXProject "TeST" */ = {
			isa = XCConfigurationList;
			buildConfigurations = (
				AFC7E2D71D3FE678007C84BB /* Debug */,
				AFC7E2D81D3FE678007C84BB /* Release */,
			);
			defaultConfigurationIsVisible = 0;
			defaultConfigurationName = Release;
		};
		AFC7E2D91D3FE678007C84BB /* Build configuration list for PBXNativeTarget "TeST" */ = {
			isa = XCConfigurationList;
			buildConfigurations = (
				AFC7E2DA1D3FE678007C84BB /* Debug */,
				AFC7E2DB1D3FE678007C84BB /* Release */,
			);
			defaultConfigurationIsVisible = 0;
		};
/* End XCConfigurationList section */
	};
	rootObject = AFC7E2BF1D3FE677007C84BB /* Project object */;
}
